
Microsoft Visual Studio Solution File, Format Version 12.00
# Visual Studio Version 16
VisualStudioVersion = 16.0.31410.357
MinimumVisualStudioVersion = 10.0.40219.1
Project("{888888A0-9F3D-457C-B088-3A5042F75D52}") = "140KenRoadTwitter", "140KenRoadTwitter\140KenRoadTwitter.pyproj", "{BBA1B8D4-439B-48AE-93C3-410FE253DDCD}"
EndProject
Global
	GlobalSection(SolutionConfigurationPlatforms) = preSolution
		Debug|Any CPU = Debug|Any CPU
		Release|Any CPU = Release|Any CPU
	EndGlobalSection
	GlobalSection(ProjectConfigurationPlatforms) = postSolution
		{BBA1B8D4-439B-48AE-93C3-410FE253DDCD}.Debug|Any CPU.ActiveCfg = Debug|Any CPU
		{BBA1B8D4-439B-48AE-93C3-410FE253DDCD}.Release|Any CPU.ActiveCfg = Release|Any CPU
	EndGlobalSection
	GlobalSection(SolutionProperties) = preSolution
		HideSolutionNode = FALSE
	EndGlobalSection
	GlobalSection(ExtensibilityGlobals) = postSolution
		SolutionGuid = {2613EFA9-70F0-4D99-9053-436CC45696C5}
	EndGlobalSection
EndGlobal
